// !$*UTF8*$!
{
	archiveVersion = 1;
	classes = {
	};
	objectVersion = 55;
	objects = {

/* Begin PBXBuildFile section */
		D7997FDD28DB3BFB004229CC /* Raga_ManiaApp.swift in Sources */ = {isa = PBXBuildFile; fileRef = D7997FDC28DB3BFB004229CC /* Raga_ManiaApp.swift */; };
		D7997FDF28DB3BFB004229CC /* ContentView.swift in Sources */ = {isa = PBXBuildFile; fileRef = D7997FDE28DB3BFB004229CC /* ContentView.swift */; };
		D7997FE128DB3BFF004229CC /* Assets.xcassets in Resources */ = {isa = PBXBuildFile; fileRef = D7997FE028DB3BFF004229CC /* Assets.xcassets */; };
		D7997FE428DB3BFF004229CC /* Preview Assets.xcassets in Resources */ = {isa = PBXBuildFile; fileRef = D7997FE328DB3BFF004229CC /* Preview Assets.xcassets */; };
		D7997FEE28DB3C00004229CC /* Raga_ManiaTests.swift in Sources */ = {isa = PBXBuildFile; fileRef = D7997FED28DB3C00004229CC /* Raga_ManiaTests.swift */; };
		D7997FF828DB3C00004229CC /* Raga_ManiaUITests.swift in Sources */ = {isa = PBXBuildFile; fileRef = D7997FF728DB3C00004229CC /* Raga_ManiaUITests.swift */; };
		D7997FFA28DB3C00004229CC /* Raga_ManiaUITestsLaunchTests.swift in Sources */ = {isa = PBXBuildFile; fileRef = D7997FF928DB3C00004229CC /* Raga_ManiaUITestsLaunchTests.swift */; };
		D799800828DB4BF8004229CC /* FirebaseAuth in Frameworks */ = {isa = PBXBuildFile; productRef = D799800728DB4BF8004229CC /* FirebaseAuth */; };
		D799800A28DB4BF8004229CC /* FirebaseFirestore in Frameworks */ = {isa = PBXBuildFile; productRef = D799800928DB4BF8004229CC /* FirebaseFirestore */; };
		D799800C28DB4D28004229CC /* GoogleService-Info.plist in Resources */ = {isa = PBXBuildFile; fileRef = D799800B28DB4D28004229CC /* GoogleService-Info.plist */; };
		D799800E28DB5B82004229CC /* ListView.swift in Sources */ = {isa = PBXBuildFile; fileRef = D799800D28DB5B82004229CC /* ListView.swift */; };
/* End PBXBuildFile section */

/* Begin PBXContainerItemProxy section */
		D7997FEA28DB3C00004229CC /* PBXContainerItemProxy */ = {
			isa = PBXContainerItemProxy;
			containerPortal = D7997FD128DB3BFB004229CC /* Project object */;
			proxyType = 1;
			remoteGlobalIDString = D7997FD828DB3BFB004229CC;
			remoteInfo = "Raga-Mania";
		};
		D7997FF428DB3C00004229CC /* PBXContainerItemProxy */ = {
			isa = PBXContainerItemProxy;
			containerPortal = D7997FD128DB3BFB004229CC /* Project object */;
			proxyType = 1;
			remoteGlobalIDString = D7997FD828DB3BFB004229CC;
			remoteInfo = "Raga-Mania";
		};
/* End PBXContainerItemProxy section */

/* Begin PBXFileReference section */
		D7997FD928DB3BFB004229CC /* Raga-Mania.app */ = {isa = PBXFileReference; explicitFileType = wrapper.application; includeInIndex = 0; path = "Raga-Mania.app"; sourceTree = BUILT_PRODUCTS_DIR; };
		D7997FDC28DB3BFB004229CC /* Raga_ManiaApp.swift */ = {isa = PBXFileReference; lastKnownFileType = sourcecode.swift; path = Raga_ManiaApp.swift; sourceTree = "<group>"; };
		D7997FDE28DB3BFB004229CC /* ContentView.swift */ = {isa = PBXFileReference; lastKnownFileType = sourcecode.swift; path = ContentView.swift; sourceTree = "<group>"; };
		D7997FE028DB3BFF004229CC /* Assets.xcassets */ = {isa = PBXFileReference; lastKnownFileType = folder.assetcatalog; path = Assets.xcassets; sourceTree = "<group>"; };
		D7997FE328DB3BFF004229CC /* Preview Assets.xcassets */ = {isa = PBXFileReference; lastKnownFileType = folder.assetcatalog; path = "Preview Assets.xcassets"; sourceTree = "<group>"; };
		D7997FE928DB3C00004229CC /* Raga-ManiaTests.xctest */ = {isa = PBXFileReference; explicitFileType = wrapper.cfbundle; includeInIndex = 0; path = "Raga-ManiaTests.xctest"; sourceTree = BUILT_PRODUCTS_DIR; };
		D7997FED28DB3C00004229CC /* Raga_ManiaTests.swift */ = {isa = PBXFileReference; lastKnownFileType = sourcecode.swift; path = Raga_ManiaTests.swift; sourceTree = "<group>"; };
		D7997FF328DB3C00004229CC /* Raga-ManiaUITests.xctest */ = {isa = PBXFileReference; explicitFileType = wrapper.cfbundle; includeInIndex = 0; path = "Raga-ManiaUITests.xctest"; sourceTree = BUILT_PRODUCTS_DIR; };
		D7997FF728DB3C00004229CC /* Raga_ManiaUITests.swift */ = {isa = PBXFileReference; lastKnownFileType = sourcecode.swift; path = Raga_ManiaUITests.swift; sourceTree = "<group>"; };
		D7997FF928DB3C00004229CC /* Raga_ManiaUITestsLaunchTests.swift */ = {isa = PBXFileReference; lastKnownFileType = sourcecode.swift; path = Raga_ManiaUITestsLaunchTests.swift; sourceTree = "<group>"; };
		D799800B28DB4D28004229CC /* GoogleService-Info.plist */ = {isa = PBXFileReference; fileEncoding = 4; lastKnownFileType = text.plist.xml; path = "GoogleService-Info.plist"; sourceTree = "<group>"; };
		D799800D28DB5B82004229CC /* ListView.swift */ = {isa = PBXFileReference; lastKnownFileType = sourcecode.swift; path = ListView.swift; sourceTree = "<group>"; };
/* End PBXFileReference section */

/* Begin PBXFrameworksBuildPhase section */
		D7997FD628DB3BFB004229CC /* Frameworks */ = {
			isa = PBXFrameworksBuildPhase;
			buildActionMask = 2147483647;
			files = (
				D799800828DB4BF8004229CC /* FirebaseAuth in Frameworks */,
				D799800A28DB4BF8004229CC /* FirebaseFirestore in Frameworks */,
			);
			runOnlyForDeploymentPostprocessing = 0;
		};
		D7997FE628DB3C00004229CC /* Frameworks */ = {
			isa = PBXFrameworksBuildPhase;
			buildActionMask = 2147483647;
			files = (
			);
			runOnlyForDeploymentPostprocessing = 0;
		};
		D7997FF028DB3C00004229CC /* Frameworks */ = {
			isa = PBXFrameworksBuildPhase;
			buildActionMask = 2147483647;
			files = (
			);
			runOnlyForDeploymentPostprocessing = 0;
		};
/* End PBXFrameworksBuildPhase section */

/* Begin PBXGroup section */
		D7997FD028DB3BFB004229CC = {
			isa = PBXGroup;
			children = (
				D7997FDB28DB3BFB004229CC /* Raga-Mania */,
				D7997FEC28DB3C00004229CC /* Raga-ManiaTests */,
				D7997FF628DB3C00004229CC /* Raga-ManiaUITests */,
				D7997FDA28DB3BFB004229CC /* Products */,
			);
			sourceTree = "<group>";
		};
		D7997FDA28DB3BFB004229CC /* Products */ = {
			isa = PBXGroup;
			children = (
				D7997FD928DB3BFB004229CC /* Raga-Mania.app */,
				D7997FE928DB3C00004229CC /* Raga-ManiaTests.xctest */,
				D7997FF328DB3C00004229CC /* Raga-ManiaUITests.xctest */,
			);
			name = Products;
			sourceTree = "<group>";
		};
		D7997FDB28DB3BFB004229CC /* Raga-Mania */ = {
			isa = PBXGroup;
			children = (
				D7997FDC28DB3BFB004229CC /* Raga_ManiaApp.swift */,
				D7997FDE28DB3BFB004229CC /* ContentView.swift */,
				D799800D28DB5B82004229CC /* ListView.swift */,
				D7997FE028DB3BFF004229CC /* Assets.xcassets */,
				D799800B28DB4D28004229CC /* GoogleService-Info.plist */,
				D7997FE228DB3BFF004229CC /* Preview Content */,
			);
			path = "Raga-Mania";
			sourceTree = "<group>";
		};
		D7997FE228DB3BFF004229CC /* Preview Content */ = {
			isa = PBXGroup;
			children = (
				D7997FE328DB3BFF004229CC /* Preview Assets.xcassets */,
			);
			path = "Preview Content";
			sourceTree = "<group>";
		};
		D7997FEC28DB3C00004229CC /* Raga-ManiaTests */ = {
			isa = PBXGroup;
			children = (
				D7997FED28DB3C00004229CC /* Raga_ManiaTests.swift */,
			);
			path = "Raga-ManiaTests";
			sourceTree = "<group>";
		};
		D7997FF628DB3C00004229CC /* Raga-ManiaUITests */ = {
			isa = PBXGroup;
			children = (
				D7997FF728DB3C00004229CC /* Raga_ManiaUITests.swift */,
				D7997FF928DB3C00004229CC /* Raga_ManiaUITestsLaunchTests.swift */,
			);
			path = "Raga-ManiaUITests";
			sourceTree = "<group>";
		};
/* End PBXGroup section */

/* Begin PBXNativeTarget section */
		D7997FD828DB3BFB004229CC /* Raga-Mania */ = {
			isa = PBXNativeTarget;
			buildConfigurationList = D7997FFD28DB3C00004229CC /* Build configuration list for PBXNativeTarget "Raga-Mania" */;
			buildPhases = (
				D7997FD528DB3BFB004229CC /* Sources */,
				D7997FD628DB3BFB004229CC /* Frameworks */,
				D7997FD728DB3BFB004229CC /* Resources */,
			);
			buildRules = (
			);
			dependencies = (
			);
			name = "Raga-Mania";
			packageProductDependencies = (
				D799800728DB4BF8004229CC /* FirebaseAuth */,
				D799800928DB4BF8004229CC /* FirebaseFirestore */,
			);
			productName = "Raga-Mania";
			productReference = D7997FD928DB3BFB004229CC /* Raga-Mania.app */;
			productType = "com.apple.product-type.application";
		};
		D7997FE828DB3C00004229CC /* Raga-ManiaTests */ = {
			isa = PBXNativeTarget;
			buildConfigurationList = D799800028DB3C00004229CC /* Build configuration list for PBXNativeTarget "Raga-ManiaTests" */;
			buildPhases = (
				D7997FE528DB3C00004229CC /* Sources */,
				D7997FE628DB3C00004229CC /* Frameworks */,
				D7997FE728DB3C00004229CC /* Resources */,
			);
			buildRules = (
			);
			dependencies = (
				D7997FEB28DB3C00004229CC /* PBXTargetDependency */,
			);
			name = "Raga-ManiaTests";
			productName = "Raga-ManiaTests";
			productReference = D7997FE928DB3C00004229CC /* Raga-ManiaTests.xctest */;
			productType = "com.apple.product-type.bundle.unit-test";
		};
		D7997FF228DB3C00004229CC /* Raga-ManiaUITests */ = {
			isa = PBXNativeTarget;
			buildConfigurationList = D799800328DB3C00004229CC /* Build configuration list for PBXNativeTarget "Raga-ManiaUITests" */;
			buildPhases = (
				D7997FEF28DB3C00004229CC /* Sources */,
				D7997FF028DB3C00004229CC /* Frameworks */,
				D7997FF128DB3C00004229CC /* Resources */,
			);
			buildRules = (
			);
			dependencies = (
				D7997FF528DB3C00004229CC /* PBXTargetDependency */,
			);
			name = "Raga-ManiaUITests";
			productName = "Raga-ManiaUITests";
			productReference = D7997FF328DB3C00004229CC /* Raga-ManiaUITests.xctest */;
			productType = "com.apple.product-type.bundle.ui-testing";
		};
/* End PBXNativeTarget section */

/* Begin PBXProject section */
		D7997FD128DB3BFB004229CC /* Project object */ = {
			isa = PBXProject;
			attributes = {
				BuildIndependentTargetsInParallel = 1;
				LastSwiftUpdateCheck = 1340;
				LastUpgradeCheck = 1340;
				TargetAttributes = {
					D7997FD828DB3BFB004229CC = {
						CreatedOnToolsVersion = 13.4.1;
					};
					D7997FE828DB3C00004229CC = {
						CreatedOnToolsVersion = 13.4.1;
						TestTargetID = D7997FD828DB3BFB004229CC;
					};
					D7997FF228DB3C00004229CC = {
						CreatedOnToolsVersion = 13.4.1;
						TestTargetID = D7997FD828DB3BFB004229CC;
					};
				};
			};
			buildConfigurationList = D7997FD428DB3BFB004229CC /* Build configuration list for PBXProject "Raga-Mania" */;
			compatibilityVersion = "Xcode 13.0";
			developmentRegion = en;
			hasScannedForEncodings = 0;
			knownRegions = (
				en,
				Base,
			);
			mainGroup = D7997FD028DB3BFB004229CC;
			packageReferences = (
				D799800628DB4BF8004229CC /* XCRemoteSwiftPackageReference "firebase-ios-sdk" */,
			);
			productRefGroup = D7997FDA28DB3BFB004229CC /* Products */;
			projectDirPath = "";
			projectRoot = "";
			targets = (
				D7997FD828DB3BFB004229CC /* Raga-Mania */,
				D7997FE828DB3C00004229CC /* Raga-ManiaTests */,
				D7997FF228DB3C00004229CC /* Raga-ManiaUITests */,
			);
		};
/* End PBXProject section */

/* Begin PBXResourcesBuildPhase section */
		D7997FD728DB3BFB004229CC /* Resources */ = {
			isa = PBXResourcesBuildPhase;
			buildActionMask = 2147483647;
			files = (
				D7997FE428DB3BFF004229CC /* Preview Assets.xcassets in Resources */,
				D7997FE128DB3BFF004229CC /* Assets.xcassets in Resources */,
				D799800C28DB4D28004229CC /* GoogleService-Info.plist in Resources */,
			);
			runOnlyForDeploymentPostprocessing = 0;
		};
		D7997FE728DB3C00004229CC /* Resources */ = {
			isa = PBXResourcesBuildPhase;
			buildActionMask = 2147483647;
			files = (
			);
			runOnlyForDeploymentPostprocessing = 0;
		};
		D7997FF128DB3C00004229CC /* Resources */ = {
			isa = PBXResourcesBuildPhase;
			buildActionMask = 2147483647;
			files = (
			);
			runOnlyForDeploymentPostprocessing = 0;
		};
/* End PBXResourcesBuildPhase section */

/* Begin PBXSourcesBuildPhase section */
		D7997FD528DB3BFB004229CC /* Sources */ = {
			isa = PBXSourcesBuildPhase;
			buildActionMask = 2147483647;
			files = (
				D7997FDF28DB3BFB004229CC /* ContentView.swift in Sources */,
				D7997FDD28DB3BFB004229CC /* Raga_ManiaApp.swift in Sources */,
				D799800E28DB5B82004229CC /* ListView.swift in Sources */,
			);
			runOnlyForDeploymentPostprocessing = 0;
		};
		D7997FE528DB3C00004229CC /* Sources */ = {
			isa = PBXSourcesBuildPhase;
			buildActionMask = 2147483647;
			files = (
				D7997FEE28DB3C00004229CC /* Raga_ManiaTests.swift in Sources */,
			);
			runOnlyForDeploymentPostprocessing = 0;
		};
		D7997FEF28DB3C00004229CC /* Sources */ = {
			isa = PBXSourcesBuildPhase;
			buildActionMask = 2147483647;
			files = (
				D7997FFA28DB3C00004229CC /* Raga_ManiaUITestsLaunchTests.swift in Sources */,
				D7997FF828DB3C00004229CC /* Raga_ManiaUITests.swift in Sources */,
			);
			runOnlyForDeploymentPostprocessing = 0;
		};
/* End PBXSourcesBuildPhase section */

/* Begin PBXTargetDependency section */
		D7997FEB28DB3C00004229CC /* PBXTargetDependency */ = {
			isa = PBXTargetDependency;
			target = D7997FD828DB3BFB004229CC /* Raga-Mania */;
			targetProxy = D7997FEA28DB3C00004229CC /* PBXContainerItemProxy */;
		};
		D7997FF528DB3C00004229CC /* PBXTargetDependency */ = {
			isa = PBXTargetDependency;
			target = D7997FD828DB3BFB004229CC /* Raga-Mania */;
			targetProxy = D7997FF428DB3C00004229CC /* PBXContainerItemProxy */;
		};
/* End PBXTargetDependency section */

/* Begin XCBuildConfiguration section */
		D7997FFB28DB3C00004229CC /* Debug */ = {
			isa = XCBuildConfiguration;
			buildSettings = {
				ALWAYS_SEARCH_USER_PATHS = NO;
				CLANG_ANALYZER_NONNULL = YES;
				CLANG_ANALYZER_NUMBER_OBJECT_CONVERSION = YES_AGGRESSIVE;
				CLANG_CXX_LANGUAGE_STANDARD = "gnu++17";
				CLANG_ENABLE_MODULES = YES;
				CLANG_ENABLE_OBJC_ARC = YES;
				CLANG_ENABLE_OBJC_WEAK = YES;
				CLANG_WARN_BLOCK_CAPTURE_AUTORELEASING = YES;
				CLANG_WARN_BOOL_CONVERSION = YES;
				CLANG_WARN_COMMA = YES;
				CLANG_WARN_CONSTANT_CONVERSION = YES;
				CLANG_WARN_DEPRECATED_OBJC_IMPLEMENTATIONS = YES;
				CLANG_WARN_DIRECT_OBJC_ISA_USAGE = YES_ERROR;
				CLANG_WARN_DOCUMENTATION_COMMENTS = YES;
				CLANG_WARN_EMPTY_BODY = YES;
				CLANG_WARN_ENUM_CONVERSION = YES;
				CLANG_WARN_INFINITE_RECURSION = YES;
				CLANG_WARN_INT_CONVERSION = YES;
				CLANG_WARN_NON_LITERAL_NULL_CONVERSION = YES;
				CLANG_WARN_OBJC_IMPLICIT_RETAIN_SELF = YES;
				CLANG_WARN_OBJC_LITERAL_CONVERSION = YES;
				CLANG_WARN_OBJC_ROOT_CLASS = YES_ERROR;
				CLANG_WARN_QUOTED_INCLUDE_IN_FRAMEWORK_HEADER = YES;
				CLANG_WARN_RANGE_LOOP_ANALYSIS = YES;
				CLANG_WARN_STRICT_PROTOTYPES = YES;
				CLANG_WARN_SUSPICIOUS_MOVE = YES;
				CLANG_WARN_UNGUARDED_AVAILABILITY = YES_AGGRESSIVE;
				CLANG_WARN_UNREACHABLE_CODE = YES;
				CLANG_WARN__DUPLICATE_METHOD_MATCH = YES;
				COPY_PHASE_STRIP = NO;
				DEBUG_INFORMATION_FORMAT = dwarf;
				ENABLE_STRICT_OBJC_MSGSEND = YES;
				ENABLE_TESTABILITY = YES;
				GCC_C_LANGUAGE_STANDARD = gnu11;
				GCC_DYNAMIC_NO_PIC = NO;
				GCC_NO_COMMON_BLOCKS = YES;
				GCC_OPTIMIZATION_LEVEL = 0;
				GCC_PREPROCESSOR_DEFINITIONS = (
					"DEBUG=1",
					"$(inherited)",
				);
				GCC_WARN_64_TO_32_BIT_CONVERSION = YES;
				GCC_WARN_ABOUT_RETURN_TYPE = YES_ERROR;
				GCC_WARN_UNDECLARED_SELECTOR = YES;
				GCC_WARN_UNINITIALIZED_AUTOS = YES_AGGRESSIVE;
				GCC_WARN_UNUSED_FUNCTION = YES;
				GCC_WARN_UNUSED_VARIABLE = YES;
				IPHONEOS_DEPLOYMENT_TARGET = 15.5;
				MTL_ENABLE_DEBUG_INFO = INCLUDE_SOURCE;
				MTL_FAST_MATH = YES;
				ONLY_ACTIVE_ARCH = YES;
				SDKROOT = iphoneos;
				SWIFT_ACTIVE_COMPILATION_CONDITIONS = DEBUG;
				SWIFT_OPTIMIZATION_LEVEL = "-Onone";
			};
			name = Debug;
		};
		D7997FFC28DB3C00004229CC /* Release */ = {
			isa = XCBuildConfiguration;
			buildSettings = {
				ALWAYS_SEARCH_USER_PATHS = NO;
				CLANG_ANALYZER_NONNULL = YES;
				CLANG_ANALYZER_NUMBER_OBJECT_CONVERSION = YES_AGGRESSIVE;
				CLANG_CXX_LANGUAGE_STANDARD = "gnu++17";
				CLANG_ENABLE_MODULES = YES;
				CLANG_ENABLE_OBJC_ARC = YES;
				CLANG_ENABLE_OBJC_WEAK = YES;
				CLANG_WARN_BLOCK_CAPTURE_AUTORELEASING = YES;
				CLANG_WARN_BOOL_CONVERSION = YES;
				CLANG_WARN_COMMA = YES;
				CLANG_WARN_CONSTANT_CONVERSION = YES;
				CLANG_WARN_DEPRECATED_OBJC_IMPLEMENTATIONS = YES;
				CLANG_WARN_DIRECT_OBJC_ISA_USAGE = YES_ERROR;
				CLANG_WARN_DOCUMENTATION_COMMENTS = YES;
				CLANG_WARN_EMPTY_BODY = YES;
				CLANG_WARN_ENUM_CONVERSION = YES;
				CLANG_WARN_INFINITE_RECURSION = YES;
				CLANG_WARN_INT_CONVERSION = YES;
				CLANG_WARN_NON_LITERAL_NULL_CONVERSION = YES;
				CLANG_WARN_OBJC_IMPLICIT_RETAIN_SELF = YES;
				CLANG_WARN_OBJC_LITERAL_CONVERSION = YES;
				CLANG_WARN_OBJC_ROOT_CLASS = YES_ERROR;
				CLANG_WARN_QUOTED_INCLUDE_IN_FRAMEWORK_HEADER = YES;
				CLANG_WARN_RANGE_LOOP_ANALYSIS = YES;
				CLANG_WARN_STRICT_PROTOTYPES = YES;
				CLANG_WARN_SUSPICIOUS_MOVE = YES;
				CLANG_WARN_UNGUARDED_AVAILABILITY = YES_AGGRESSIVE;
				CLANG_WARN_UNREACHABLE_CODE = YES;
				CLANG_WARN__DUPLICATE_METHOD_MATCH = YES;
				COPY_PHASE_STRIP = NO;
				DEBUG_INFORMATION_FORMAT = "dwarf-with-dsym";
				ENABLE_NS_ASSERTIONS = NO;
				ENABLE_STRICT_OBJC_MSGSEND = YES;
				GCC_C_LANGUAGE_STANDARD = gnu11;
				GCC_NO_COMMON_BLOCKS = YES;
				GCC_WARN_64_TO_32_BIT_CONVERSION = YES;
				GCC_WARN_ABOUT_RETURN_TYPE = YES_ERROR;
				GCC_WARN_UNDECLARED_SELECTOR = YES;
				GCC_WARN_UNINITIALIZED_AUTOS = YES_AGGRESSIVE;
				GCC_WARN_UNUSED_FUNCTION = YES;
				GCC_WARN_UNUSED_VARIABLE = YES;
				IPHONEOS_DEPLOYMENT_TARGET = 15.5;
				MTL_ENABLE_DEBUG_INFO = NO;
				MTL_FAST_MATH = YES;
				SDKROOT = iphoneos;
				SWIFT_COMPILATION_MODE = wholemodule;
				SWIFT_OPTIMIZATION_LEVEL = "-O";
				VALIDATE_PRODUCT = YES;
			};
			name = Release;
		};
		D7997FFE28DB3C00004229CC /* Debug */ = {
			isa = XCBuildConfiguration;
			buildSettings = {
				ASSETCATALOG_COMPILER_APPICON_NAME = AppIcon;
				ASSETCATALOG_COMPILER_GLOBAL_ACCENT_COLOR_NAME = AccentColor;
				CODE_SIGN_STYLE = Automatic;
				CURRENT_PROJECT_VERSION = 1;
				DEVELOPMENT_ASSET_PATHS = "\"Raga-Mania/Preview Content\"";
				DEVELOPMENT_TEAM = XKH8QN5NNX;
				ENABLE_PREVIEWS = YES;
				GENERATE_INFOPLIST_FILE = YES;
				INFOPLIST_KEY_UIApplicationSceneManifest_Generation = YES;
				INFOPLIST_KEY_UIApplicationSupportsIndirectInputEvents = YES;
				INFOPLIST_KEY_UILaunchScreen_Generation = YES;
				INFOPLIST_KEY_UISupportedInterfaceOrientations_iPad = "UIInterfaceOrientationPortrait UIInterfaceOrientationPortraitUpsideDown UIInterfaceOrientationLandscapeLeft UIInterfaceOrientationLandscapeRight";
				INFOPLIST_KEY_UISupportedInterfaceOrientations_iPhone = "UIInterfaceOrientationPortrait UIInterfaceOrientationLandscapeLeft UIInterfaceOrientationLandscapeRight";
				LD_RUNPATH_SEARCH_PATHS = (
					"$(inherited)",
					"@executable_path/Frameworks",
				);
				MARKETING_VERSION = 1.0;
				PRODUCT_BUNDLE_IDENTIFIER = "edu.wayne.Raga-Mania";
				PRODUCT_NAME = "$(TARGET_NAME)";
				SWIFT_EMIT_LOC_STRINGS = YES;
				SWIFT_VERSION = 5.0;
				TARGETED_DEVICE_FAMILY = "1,2";
			};
			name = Debug;
		};
		D7997FFF28DB3C00004229CC /* Release */ = {
			isa = XCBuildConfiguration;
			buildSettings = {
				ASSETCATALOG_COMPILER_APPICON_NAME = AppIcon;
				ASSETCATALOG_COMPILER_GLOBAL_ACCENT_COLOR_NAME = AccentColor;
				CODE_SIGN_STYLE = Automatic;
				CURRENT_PROJECT_VERSION = 1;
				DEVELOPMENT_ASSET_PATHS = "\"Raga-Mania/Preview Content\"";
				DEVELOPMENT_TEAM = XKH8QN5NNX;
				ENABLE_PREVIEWS = YES;
				GENERATE_INFOPLIST_FILE = YES;
				INFOPLIST_KEY_UIApplicationSceneManifest_Generation = YES;
				INFOPLIST_KEY_UIApplicationSupportsIndirectInputEvents = YES;
				INFOPLIST_KEY_UILaunchScreen_Generation = YES;
				INFOPLIST_KEY_UISupportedInterfaceOrientations_iPad = "UIInterfaceOrientationPortrait UIInterfaceOrientationPortraitUpsideDown UIInterfaceOrientationLandscapeLeft UIInterfaceOrientationLandscapeRight";
				INFOPLIST_KEY_UISupportedInterfaceOrientations_iPhone = "UIInterfaceOrientationPortrait UIInterfaceOrientationLandscapeLeft UIInterfaceOrientationLandscapeRight";
				LD_RUNPATH_SEARCH_PATHS = (
					"$(inherited)",
					"@executable_path/Frameworks",
				);
				MARKETING_VERSION = 1.0;
				PRODUCT_BUNDLE_IDENTIFIER = "edu.wayne.Raga-Mania";
				PRODUCT_NAME = "$(TARGET_NAME)";
				SWIFT_EMIT_LOC_STRINGS = YES;
				SWIFT_VERSION = 5.0;
				TARGETED_DEVICE_FAMILY = "1,2";
			};
			name = Release;
		};
		D799800128DB3C00004229CC /* Debug */ = {
			isa = XCBuildConfiguration;
			buildSettings = {
				ALWAYS_EMBED_SWIFT_STANDARD_LIBRARIES = YES;
				BUNDLE_LOADER = "$(TEST_HOST)";
				CODE_SIGN_STYLE = Automatic;
				CURRENT_PROJECT_VERSION = 1;
				DEVELOPMENT_TEAM = XKH8QN5NNX;
				GENERATE_INFOPLIST_FILE = YES;
				IPHONEOS_DEPLOYMENT_TARGET = 15.5;
				MARKETING_VERSION = 1.0;
				PRODUCT_BUNDLE_IDENTIFIER = "edu.wayne.Raga-ManiaTests";
				PRODUCT_NAME = "$(TARGET_NAME)";
				SWIFT_EMIT_LOC_STRINGS = NO;
				SWIFT_VERSION = 5.0;
				TARGETED_DEVICE_FAMILY = "1,2";
				TEST_HOST = "$(BUILT_PRODUCTS_DIR)/Raga-Mania.app/Raga-Mania";
			};
			name = Debug;
		};
		D799800228DB3C00004229CC /* Release */ = {
			isa = XCBuildConfiguration;
			buildSettings = {
				ALWAYS_EMBED_SWIFT_STANDARD_LIBRARIES = YES;
				BUNDLE_LOADER = "$(TEST_HOST)";
				CODE_SIGN_STYLE = Automatic;
				CURRENT_PROJECT_VERSION = 1;
				DEVELOPMENT_TEAM = XKH8QN5NNX;
				GENERATE_INFOPLIST_FILE = YES;
				IPHONEOS_DEPLOYMENT_TARGET = 15.5;
				MARKETING_VERSION = 1.0;
				PRODUCT_BUNDLE_IDENTIFIER = "edu.wayne.Raga-ManiaTests";
				PRODUCT_NAME = "$(TARGET_NAME)";
				SWIFT_EMIT_LOC_STRINGS = NO;
				SWIFT_VERSION = 5.0;
				TARGETED_DEVICE_FAMILY = "1,2";
				TEST_HOST = "$(BUILT_PRODUCTS_DIR)/Raga-Mania.app/Raga-Mania";
			};
			name = Release;
		};
		D799800428DB3C00004229CC /* Debug */ = {
			isa = XCBuildConfiguration;
			buildSettings = {
				ALWAYS_EMBED_SWIFT_STANDARD_LIBRARIES = YES;
				CODE_SIGN_STYLE = Automatic;
				CURRENT_PROJECT_VERSION = 1;
				DEVELOPMENT_TEAM = XKH8QN5NNX;
				GENERATE_INFOPLIST_FILE = YES;
				MARKETING_VERSION = 1.0;
				PRODUCT_BUNDLE_IDENTIFIER = "edu.wayne.Raga-ManiaUITests";
				PRODUCT_NAME = "$(TARGET_NAME)";
				SWIFT_EMIT_LOC_STRINGS = NO;
				SWIFT_VERSION = 5.0;
				TARGETED_DEVICE_FAMILY = "1,2";
				TEST_TARGET_NAME = "Raga-Mania";
			};
			name = Debug;
		};
		D799800528DB3C00004229CC /* Release */ = {
			isa = XCBuildConfiguration;
			buildSettings = {
				ALWAYS_EMBED_SWIFT_STANDARD_LIBRARIES = YES;
				CODE_SIGN_STYLE = Automatic;
				CURRENT_PROJECT_VERSION = 1;
				DEVELOPMENT_TEAM = XKH8QN5NNX;
				GENERATE_INFOPLIST_FILE = YES;
				MARKETING_VERSION = 1.0;
				PRODUCT_BUNDLE_IDENTIFIER = "edu.wayne.Raga-ManiaUITests";
				PRODUCT_NAME = "$(TARGET_NAME)";
				SWIFT_EMIT_LOC_STRINGS = NO;
				SWIFT_VERSION = 5.0;
				TARGETED_DEVICE_FAMILY = "1,2";
				TEST_TARGET_NAME = "Raga-Mania";
			};
			name = Release;
		};
/* End XCBuildConfiguration section */

/* Begin XCConfigurationList section */
		D7997FD428DB3BFB004229CC /* Build configuration list for PBXProject "Raga-Mania" */ = {
			isa = XCConfigurationList;
			buildConfigurations = (
				D7997FFB28DB3C00004229CC /* Debug */,
				D7997FFC28DB3C00004229CC /* Release */,
			);
			defaultConfigurationIsVisible = 0;
			defaultConfigurationName = Release;
		};
		D7997FFD28DB3C00004229CC /* Build configuration list for PBXNativeTarget "Raga-Mania" */ = {
			isa = XCConfigurationList;
			buildConfigurations = (
				D7997FFE28DB3C00004229CC /* Debug */,
				D7997FFF28DB3C00004229CC /* Release */,
			);
			defaultConfigurationIsVisible = 0;
			defaultConfigurationName = Release;
		};
		D799800028DB3C00004229CC /* Build configuration list for PBXNativeTarget "Raga-ManiaTests" */ = {
			isa = XCConfigurationList;
			buildConfigurations = (
				D799800128DB3C00004229CC /* Debug */,
				D799800228DB3C00004229CC /* Release */,
			);
			defaultConfigurationIsVisible = 0;
			defaultConfigurationName = Release;
		};
		D799800328DB3C00004229CC /* Build configuration list for PBXNativeTarget "Raga-ManiaUITests" */ = {
			isa = XCConfigurationList;
			buildConfigurations = (
				D799800428DB3C00004229CC /* Debug */,
				D799800528DB3C00004229CC /* Release */,
			);
			defaultConfigurationIsVisible = 0;
			defaultConfigurationName = Release;
		};
/* End XCConfigurationList section */

/* Begin XCRemoteSwiftPackageReference section */
		D799800628DB4BF8004229CC /* XCRemoteSwiftPackageReference "firebase-ios-sdk" */ = {
			isa = XCRemoteSwiftPackageReference;
			repositoryURL = "https://github.com/firebase/firebase-ios-sdk.git";
			requirement = {
				kind = upToNextMajorVersion;
				minimumVersion = 9.0.0;
			};
		};
/* End XCRemoteSwiftPackageReference section */

/* Begin XCSwiftPackageProductDependency section */
		D799800728DB4BF8004229CC /* FirebaseAuth */ = {
			isa = XCSwiftPackageProductDependency;
			package = D799800628DB4BF8004229CC /* XCRemoteSwiftPackageReference "firebase-ios-sdk" */;
			productName = FirebaseAuth;
		};
		D799800928DB4BF8004229CC /* FirebaseFirestore */ = {
			isa = XCSwiftPackageProductDependency;
			package = D799800628DB4BF8004229CC /* XCRemoteSwiftPackageReference "firebase-ios-sdk" */;
			productName = FirebaseFirestore;
		};
/* End XCSwiftPackageProductDependency section */
	};
	rootObject = D7997FD128DB3BFB004229CC /* Project object */;
}
